
Microsoft Visual Studio Solution File, Format Version 12.00
# Visual Studio Version 17
VisualStudioVersion = 17.3.32819.101
MinimumVisualStudioVersion = 10.0.40219.1
Project("{FAE04EC0-301F-11D3-BF4B-00C04F79EFBC}") = "CalculoMedia", "CalculoMedia\CalculoMedia.csproj", "{2ADCA689-C636-45DE-A146-6F320BD82D77}"
EndProject
Global
	GlobalSection(SolutionConfigurationPlatforms) = preSolution
		Debug|Any CPU = Debug|Any CPU
		Release|Any CPU = Release|Any CPU
	EndGlobalSection
	GlobalSection(ProjectConfigurationPlatforms) = postSolution
		{2ADCA689-C636-45DE-A146-6F320BD82D77}.Debug|Any CPU.ActiveCfg = Debug|Any CPU
		{2ADCA689-C636-45DE-A146-6F320BD82D77}.Debug|Any CPU.Build.0 = Debug|Any CPU
		{2ADCA689-C636-45DE-A146-6F320BD82D77}.Release|Any CPU.ActiveCfg = Release|Any CPU
		{2ADCA689-C636-45DE-A146-6F320BD82D77}.Release|Any CPU.Build.0 = Release|Any CPU
	EndGlobalSection
	GlobalSection(SolutionProperties) = preSolution
		HideSolutionNode = FALSE
	EndGlobalSection
	GlobalSection(ExtensibilityGlobals) = postSolution
		SolutionGuid = {20877502-B495-4670-BA7C-155CA1DAFE27}
	EndGlobalSection
EndGlobal
